
Microsoft Visual Studio Solution File, Format Version 12.00
# Visual Studio Version 17
VisualStudioVersion = 17.5.002.0
MinimumVisualStudioVersion = 10.0.40219.1
Project("{2150E333-8FDC-42A3-9474-1A3956D46DE8}") = "backend", "backend", "{1029DE10-D407-47C3-9900-3E2AD36CDEB0}"
EndProject
Project("{9A19103F-16F7-4668-BE54-9A1E7A4F7556}") = "api", "backend\api\api.csproj", "{1F3AF315-C533-4FFF-9890-2BDC7CB14D72}"
EndProject
Global
	GlobalSection(SolutionConfigurationPlatforms) = preSolution
		Debug|Any CPU = Debug|Any CPU
		Release|Any CPU = Release|Any CPU
	EndGlobalSection
	GlobalSection(ProjectConfigurationPlatforms) = postSolution
		{1F3AF315-C533-4FFF-9890-2BDC7CB14D72}.Debug|Any CPU.ActiveCfg = Debug|Any CPU
		{1F3AF315-C533-4FFF-9890-2BDC7CB14D72}.Debug|Any CPU.Build.0 = Debug|Any CPU
		{1F3AF315-C533-4FFF-9890-2BDC7CB14D72}.Release|Any CPU.ActiveCfg = Release|Any CPU
		{1F3AF315-C533-4FFF-9890-2BDC7CB14D72}.Release|Any CPU.Build.0 = Release|Any CPU
	EndGlobalSection
	GlobalSection(SolutionProperties) = preSolution
		HideSolutionNode = FALSE
	EndGlobalSection
	GlobalSection(NestedProjects) = preSolution
		{1F3AF315-C533-4FFF-9890-2BDC7CB14D72} = {1029DE10-D407-47C3-9900-3E2AD36CDEB0}
	EndGlobalSection
	GlobalSection(ExtensibilityGlobals) = postSolution
		SolutionGuid = {1DC8A6CB-B9B6-4DD2-849D-75F66A449CD4}
	EndGlobalSection
EndGlobal
